
Microsoft Visual Studio Solution File, Format Version 12.00
# Visual Studio 14
VisualStudioVersion = 14.0.25420.1
MinimumVisualStudioVersion = 10.0.40219.1
Project("{2150E333-8FDC-42A3-9474-1A3956D46DE8}") = ".paket", ".paket", "{9609A4A7-52A1-4AC2-B287-DDDBF2E82CEC}"
	ProjectSection(SolutionItems) = preProject
		paket.dependencies = paket.dependencies
	EndProjectSection
EndProject
Project("{F2A71F9B-5D33-465A-A702-920D77279786}") = "SharpVG", "SharpVG\SharpVG.fsproj", "{B5154113-511A-4461-A276-6C7572A63050}"
EndProject
Project("{F2A71F9B-5D33-465A-A702-920D77279786}") = "Tests", "Tests\Tests.fsproj", "{E0FA27A9-D79C-4B0B-8267-E365EEE77DB7}"
EndProject
Project("{2150E333-8FDC-42A3-9474-1A3956D46DE8}") = "Examples", "Examples", "{A77A1550-1934-4901-A691-A07CB3C80D27}"
EndProject
Project("{F2A71F9B-5D33-465A-A702-920D77279786}") = "Triangle", "Triangle\Triangle.fsproj", "{58DDE05F-0D65-483F-A091-E684A66790C6}"
EndProject
Project("{F2A71F9B-5D33-465A-A702-920D77279786}") = "Life", "Life\Life.fsproj", "{FD5D0925-D128-4858-9C02-A5C06B031D80}"
EndProject
Project("{F2A71F9B-5D33-465A-A702-920D77279786}") = "Graph", "Graph\Graph.fsproj", "{66E7BA33-1073-4083-8D49-51BCE31B367C}"
EndProject
Project("{F2A71F9B-5D33-465A-A702-920D77279786}") = "Helpers", "Helpers\Helpers.fsproj", "{4930AF77-5AE4-4692-BA6C-6D8952D87EDF}"
EndProject
Global
	GlobalSection(SolutionConfigurationPlatforms) = preSolution
		Debug|Any CPU = Debug|Any CPU
		Release|Any CPU = Release|Any CPU
	EndGlobalSection
	GlobalSection(ProjectConfigurationPlatforms) = postSolution
		{B5154113-511A-4461-A276-6C7572A63050}.Debug|Any CPU.ActiveCfg = Debug|Any CPU
		{B5154113-511A-4461-A276-6C7572A63050}.Debug|Any CPU.Build.0 = Debug|Any CPU
		{B5154113-511A-4461-A276-6C7572A63050}.Release|Any CPU.ActiveCfg = Release|Any CPU
		{B5154113-511A-4461-A276-6C7572A63050}.Release|Any CPU.Build.0 = Release|Any CPU
		{E0FA27A9-D79C-4B0B-8267-E365EEE77DB7}.Debug|Any CPU.ActiveCfg = Debug|Any CPU
		{E0FA27A9-D79C-4B0B-8267-E365EEE77DB7}.Debug|Any CPU.Build.0 = Debug|Any CPU
		{E0FA27A9-D79C-4B0B-8267-E365EEE77DB7}.Release|Any CPU.ActiveCfg = Release|Any CPU
		{E0FA27A9-D79C-4B0B-8267-E365EEE77DB7}.Release|Any CPU.Build.0 = Release|Any CPU
		{58DDE05F-0D65-483F-A091-E684A66790C6}.Debug|Any CPU.ActiveCfg = Debug|Any CPU
		{58DDE05F-0D65-483F-A091-E684A66790C6}.Debug|Any CPU.Build.0 = Debug|Any CPU
		{58DDE05F-0D65-483F-A091-E684A66790C6}.Release|Any CPU.ActiveCfg = Release|Any CPU
		{58DDE05F-0D65-483F-A091-E684A66790C6}.Release|Any CPU.Build.0 = Release|Any CPU
		{FD5D0925-D128-4858-9C02-A5C06B031D80}.Debug|Any CPU.ActiveCfg = Debug|Any CPU
		{FD5D0925-D128-4858-9C02-A5C06B031D80}.Debug|Any CPU.Build.0 = Debug|Any CPU
		{FD5D0925-D128-4858-9C02-A5C06B031D80}.Release|Any CPU.ActiveCfg = Release|Any CPU
		{FD5D0925-D128-4858-9C02-A5C06B031D80}.Release|Any CPU.Build.0 = Release|Any CPU
		{66E7BA33-1073-4083-8D49-51BCE31B367C}.Debug|Any CPU.ActiveCfg = Debug|Any CPU
		{66E7BA33-1073-4083-8D49-51BCE31B367C}.Debug|Any CPU.Build.0 = Debug|Any CPU
		{66E7BA33-1073-4083-8D49-51BCE31B367C}.Release|Any CPU.ActiveCfg = Release|Any CPU
		{66E7BA33-1073-4083-8D49-51BCE31B367C}.Release|Any CPU.Build.0 = Release|Any CPU
		{1232F73E-C035-442E-850D-F7E14CAF4ED6}.Debug|Any CPU.ActiveCfg = Debug|Any CPU
		{1232F73E-C035-442E-850D-F7E14CAF4ED6}.Debug|Any CPU.Build.0 = Debug|Any CPU
		{1232F73E-C035-442E-850D-F7E14CAF4ED6}.Release|Any CPU.ActiveCfg = Release|Any CPU
		{1232F73E-C035-442E-850D-F7E14CAF4ED6}.Release|Any CPU.Build.0 = Release|Any CPU
		{4930AF77-5AE4-4692-BA6C-6D8952D87EDF}.Debug|Any CPU.ActiveCfg = Debug|Any CPU
		{4930AF77-5AE4-4692-BA6C-6D8952D87EDF}.Debug|Any CPU.Build.0 = Debug|Any CPU
		{4930AF77-5AE4-4692-BA6C-6D8952D87EDF}.Release|Any CPU.ActiveCfg = Release|Any CPU
		{4930AF77-5AE4-4692-BA6C-6D8952D87EDF}.Release|Any CPU.Build.0 = Release|Any CPU
	EndGlobalSection
	GlobalSection(SolutionProperties) = preSolution
		HideSolutionNode = FALSE
	EndGlobalSection
	GlobalSection(NestedProjects) = preSolution
		{58DDE05F-0D65-483F-A091-E684A66790C6} = {A77A1550-1934-4901-A691-A07CB3C80D27}
		{FD5D0925-D128-4858-9C02-A5C06B031D80} = {A77A1550-1934-4901-A691-A07CB3C80D27}
		{66E7BA33-1073-4083-8D49-51BCE31B367C} = {A77A1550-1934-4901-A691-A07CB3C80D27}
		{1232F73E-C035-442E-850D-F7E14CAF4ED6} = {A77A1550-1934-4901-A691-A07CB3C80D27}
		{4930AF77-5AE4-4692-BA6C-6D8952D87EDF} = {A77A1550-1934-4901-A691-A07CB3C80D27}
	EndGlobalSection
EndGlobal
