Microsoft Visual Studio Solution File, Format Version 12.00
# Visual Studio 15
VisualStudioVersion = 15.0.26124.0
MinimumVisualStudioVersion = 15.0.26124.0
Project("{6EC3EE1D-3C4E-46DD-8F32-0CC8E7565705}") = "Animate", "Examples\Animate\Animate.fsproj", "{BF442C9D-EC65-4F3B-8E49-72289EE9A337}"
EndProject
Project("{6EC3EE1D-3C4E-46DD-8F32-0CC8E7565705}") = "Graph", "Examples\Graph\Graph.fsproj", "{AFBABCC2-D8BD-48E7-997D-883B9ECAEFD8}"
EndProject
Project("{6EC3EE1D-3C4E-46DD-8F32-0CC8E7565705}") = "Helpers", "Helpers\Helpers.fsproj", "{F5868A96-B1F8-4243-92BF-D6DAEC9E593A}"
EndProject
Project("{6EC3EE1D-3C4E-46DD-8F32-0CC8E7565705}") = "Life", "Examples\Life\Life.fsproj", "{AFD8CD25-24B7-4F0D-A2C6-50500B686667}"
EndProject
Project("{6EC3EE1D-3C4E-46DD-8F32-0CC8E7565705}") = "SharpVG", "SharpVG\SharpVG.fsproj", "{DF04934C-DB05-4EEF-9076-7435B87B07AE}"
EndProject
Project("{6EC3EE1D-3C4E-46DD-8F32-0CC8E7565705}") = "Tests", "Tests\Tests.fsproj", "{7DE2A1B4-45EC-4653-B4D9-10FF271AA1AB}"
EndProject
Project("{6EC3EE1D-3C4E-46DD-8F32-0CC8E7565705}") = "Triangle", "Examples\Triangle\Triangle.fsproj", "{F6C5BF43-8728-4ECF-9AB0-0FB2EA8F672E}"
EndProject
Project("{2150E333-8FDC-42A3-9474-1A3956D46DE8}") = "Examples", "Examples", "{14030B52-964A-4830-9A92-7586532EEC55}"
EndProject
Project("{2150E333-8FDC-42A3-9474-1A3956D46DE8}") = "Bounce", "Bounce", "{9BE12FC0-BC24-47DB-B1BA-82B1C9549346}"
EndProject
Project("{6EC3EE1D-3C4E-46DD-8F32-0CC8E7565705}") = "Bounce", "Examples\Bounce\src\Bounce.fsproj", "{BECFC0BB-DADF-4645-9BB5-2702F63C37C0}"
EndProject
Global
	GlobalSection(SolutionConfigurationPlatforms) = preSolution
		Debug|Any CPU = Debug|Any CPU
		Debug|x64 = Debug|x64
		Debug|x86 = Debug|x86
		Release|Any CPU = Release|Any CPU
		Release|x64 = Release|x64
		Release|x86 = Release|x86
	EndGlobalSection
	GlobalSection(ProjectConfigurationPlatforms) = postSolution
		{BF442C9D-EC65-4F3B-8E49-72289EE9A337}.Debug|Any CPU.ActiveCfg = Debug|Any CPU
		{BF442C9D-EC65-4F3B-8E49-72289EE9A337}.Debug|Any CPU.Build.0 = Debug|Any CPU
		{BF442C9D-EC65-4F3B-8E49-72289EE9A337}.Debug|x64.ActiveCfg = Debug|Any CPU
		{BF442C9D-EC65-4F3B-8E49-72289EE9A337}.Debug|x64.Build.0 = Debug|Any CPU
		{BF442C9D-EC65-4F3B-8E49-72289EE9A337}.Debug|x86.ActiveCfg = Debug|Any CPU
		{BF442C9D-EC65-4F3B-8E49-72289EE9A337}.Debug|x86.Build.0 = Debug|Any CPU
		{BF442C9D-EC65-4F3B-8E49-72289EE9A337}.Release|Any CPU.ActiveCfg = Release|Any CPU
		{BF442C9D-EC65-4F3B-8E49-72289EE9A337}.Release|Any CPU.Build.0 = Release|Any CPU
		{BF442C9D-EC65-4F3B-8E49-72289EE9A337}.Release|x64.ActiveCfg = Release|Any CPU
		{BF442C9D-EC65-4F3B-8E49-72289EE9A337}.Release|x64.Build.0 = Release|Any CPU
		{BF442C9D-EC65-4F3B-8E49-72289EE9A337}.Release|x86.ActiveCfg = Release|Any CPU
		{BF442C9D-EC65-4F3B-8E49-72289EE9A337}.Release|x86.Build.0 = Release|Any CPU
		{AFBABCC2-D8BD-48E7-997D-883B9ECAEFD8}.Debug|Any CPU.ActiveCfg = Debug|Any CPU
		{AFBABCC2-D8BD-48E7-997D-883B9ECAEFD8}.Debug|Any CPU.Build.0 = Debug|Any CPU
		{AFBABCC2-D8BD-48E7-997D-883B9ECAEFD8}.Debug|x64.ActiveCfg = Debug|Any CPU
		{AFBABCC2-D8BD-48E7-997D-883B9ECAEFD8}.Debug|x64.Build.0 = Debug|Any CPU
		{AFBABCC2-D8BD-48E7-997D-883B9ECAEFD8}.Debug|x86.ActiveCfg = Debug|Any CPU
		{AFBABCC2-D8BD-48E7-997D-883B9ECAEFD8}.Debug|x86.Build.0 = Debug|Any CPU
		{AFBABCC2-D8BD-48E7-997D-883B9ECAEFD8}.Release|Any CPU.ActiveCfg = Release|Any CPU
		{AFBABCC2-D8BD-48E7-997D-883B9ECAEFD8}.Release|Any CPU.Build.0 = Release|Any CPU
		{AFBABCC2-D8BD-48E7-997D-883B9ECAEFD8}.Release|x64.ActiveCfg = Release|Any CPU
		{AFBABCC2-D8BD-48E7-997D-883B9ECAEFD8}.Release|x64.Build.0 = Release|Any CPU
		{AFBABCC2-D8BD-48E7-997D-883B9ECAEFD8}.Release|x86.ActiveCfg = Release|Any CPU
		{AFBABCC2-D8BD-48E7-997D-883B9ECAEFD8}.Release|x86.Build.0 = Release|Any CPU
		{F5868A96-B1F8-4243-92BF-D6DAEC9E593A}.Debug|Any CPU.ActiveCfg = Debug|Any CPU
		{F5868A96-B1F8-4243-92BF-D6DAEC9E593A}.Debug|Any CPU.Build.0 = Debug|Any CPU
		{F5868A96-B1F8-4243-92BF-D6DAEC9E593A}.Debug|x64.ActiveCfg = Debug|Any CPU
		{F5868A96-B1F8-4243-92BF-D6DAEC9E593A}.Debug|x64.Build.0 = Debug|Any CPU
		{F5868A96-B1F8-4243-92BF-D6DAEC9E593A}.Debug|x86.ActiveCfg = Debug|Any CPU
		{F5868A96-B1F8-4243-92BF-D6DAEC9E593A}.Debug|x86.Build.0 = Debug|Any CPU
		{F5868A96-B1F8-4243-92BF-D6DAEC9E593A}.Release|Any CPU.ActiveCfg = Release|Any CPU
		{F5868A96-B1F8-4243-92BF-D6DAEC9E593A}.Release|Any CPU.Build.0 = Release|Any CPU
		{F5868A96-B1F8-4243-92BF-D6DAEC9E593A}.Release|x64.ActiveCfg = Release|Any CPU
		{F5868A96-B1F8-4243-92BF-D6DAEC9E593A}.Release|x64.Build.0 = Release|Any CPU
		{F5868A96-B1F8-4243-92BF-D6DAEC9E593A}.Release|x86.ActiveCfg = Release|Any CPU
		{F5868A96-B1F8-4243-92BF-D6DAEC9E593A}.Release|x86.Build.0 = Release|Any CPU
		{AFD8CD25-24B7-4F0D-A2C6-50500B686667}.Debug|Any CPU.ActiveCfg = Debug|Any CPU
		{AFD8CD25-24B7-4F0D-A2C6-50500B686667}.Debug|Any CPU.Build.0 = Debug|Any CPU
		{AFD8CD25-24B7-4F0D-A2C6-50500B686667}.Debug|x64.ActiveCfg = Debug|Any CPU
		{AFD8CD25-24B7-4F0D-A2C6-50500B686667}.Debug|x64.Build.0 = Debug|Any CPU
		{AFD8CD25-24B7-4F0D-A2C6-50500B686667}.Debug|x86.ActiveCfg = Debug|Any CPU
		{AFD8CD25-24B7-4F0D-A2C6-50500B686667}.Debug|x86.Build.0 = Debug|Any CPU
		{AFD8CD25-24B7-4F0D-A2C6-50500B686667}.Release|Any CPU.ActiveCfg = Release|Any CPU
		{AFD8CD25-24B7-4F0D-A2C6-50500B686667}.Release|Any CPU.Build.0 = Release|Any CPU
		{AFD8CD25-24B7-4F0D-A2C6-50500B686667}.Release|x64.ActiveCfg = Release|Any CPU
		{AFD8CD25-24B7-4F0D-A2C6-50500B686667}.Release|x64.Build.0 = Release|Any CPU
		{AFD8CD25-24B7-4F0D-A2C6-50500B686667}.Release|x86.ActiveCfg = Release|Any CPU
		{AFD8CD25-24B7-4F0D-A2C6-50500B686667}.Release|x86.Build.0 = Release|Any CPU
		{DF04934C-DB05-4EEF-9076-7435B87B07AE}.Debug|Any CPU.ActiveCfg = Debug|Any CPU
		{DF04934C-DB05-4EEF-9076-7435B87B07AE}.Debug|Any CPU.Build.0 = Debug|Any CPU
		{DF04934C-DB05-4EEF-9076-7435B87B07AE}.Debug|x64.ActiveCfg = Debug|Any CPU
		{DF04934C-DB05-4EEF-9076-7435B87B07AE}.Debug|x64.Build.0 = Debug|Any CPU
		{DF04934C-DB05-4EEF-9076-7435B87B07AE}.Debug|x86.ActiveCfg = Debug|Any CPU
		{DF04934C-DB05-4EEF-9076-7435B87B07AE}.Debug|x86.Build.0 = Debug|Any CPU
		{DF04934C-DB05-4EEF-9076-7435B87B07AE}.Release|Any CPU.ActiveCfg = Release|Any CPU
		{DF04934C-DB05-4EEF-9076-7435B87B07AE}.Release|Any CPU.Build.0 = Release|Any CPU
		{DF04934C-DB05-4EEF-9076-7435B87B07AE}.Release|x64.ActiveCfg = Release|Any CPU
		{DF04934C-DB05-4EEF-9076-7435B87B07AE}.Release|x64.Build.0 = Release|Any CPU
		{DF04934C-DB05-4EEF-9076-7435B87B07AE}.Release|x86.ActiveCfg = Release|Any CPU
		{DF04934C-DB05-4EEF-9076-7435B87B07AE}.Release|x86.Build.0 = Release|Any CPU
		{7DE2A1B4-45EC-4653-B4D9-10FF271AA1AB}.Debug|Any CPU.ActiveCfg = Debug|Any CPU
		{7DE2A1B4-45EC-4653-B4D9-10FF271AA1AB}.Debug|Any CPU.Build.0 = Debug|Any CPU
		{7DE2A1B4-45EC-4653-B4D9-10FF271AA1AB}.Debug|x64.ActiveCfg = Debug|Any CPU
		{7DE2A1B4-45EC-4653-B4D9-10FF271AA1AB}.Debug|x64.Build.0 = Debug|Any CPU
		{7DE2A1B4-45EC-4653-B4D9-10FF271AA1AB}.Debug|x86.ActiveCfg = Debug|Any CPU
		{7DE2A1B4-45EC-4653-B4D9-10FF271AA1AB}.Debug|x86.Build.0 = Debug|Any CPU
		{7DE2A1B4-45EC-4653-B4D9-10FF271AA1AB}.Release|Any CPU.ActiveCfg = Release|Any CPU
		{7DE2A1B4-45EC-4653-B4D9-10FF271AA1AB}.Release|Any CPU.Build.0 = Release|Any CPU
		{7DE2A1B4-45EC-4653-B4D9-10FF271AA1AB}.Release|x64.ActiveCfg = Release|Any CPU
		{7DE2A1B4-45EC-4653-B4D9-10FF271AA1AB}.Release|x64.Build.0 = Release|Any CPU
		{7DE2A1B4-45EC-4653-B4D9-10FF271AA1AB}.Release|x86.ActiveCfg = Release|Any CPU
		{7DE2A1B4-45EC-4653-B4D9-10FF271AA1AB}.Release|x86.Build.0 = Release|Any CPU
		{F6C5BF43-8728-4ECF-9AB0-0FB2EA8F672E}.Debug|Any CPU.ActiveCfg = Debug|Any CPU
		{F6C5BF43-8728-4ECF-9AB0-0FB2EA8F672E}.Debug|Any CPU.Build.0 = Debug|Any CPU
		{F6C5BF43-8728-4ECF-9AB0-0FB2EA8F672E}.Debug|x64.ActiveCfg = Debug|Any CPU
		{F6C5BF43-8728-4ECF-9AB0-0FB2EA8F672E}.Debug|x64.Build.0 = Debug|Any CPU
		{F6C5BF43-8728-4ECF-9AB0-0FB2EA8F672E}.Debug|x86.ActiveCfg = Debug|Any CPU
		{F6C5BF43-8728-4ECF-9AB0-0FB2EA8F672E}.Debug|x86.Build.0 = Debug|Any CPU
		{F6C5BF43-8728-4ECF-9AB0-0FB2EA8F672E}.Release|Any CPU.ActiveCfg = Release|Any CPU
		{F6C5BF43-8728-4ECF-9AB0-0FB2EA8F672E}.Release|Any CPU.Build.0 = Release|Any CPU
		{F6C5BF43-8728-4ECF-9AB0-0FB2EA8F672E}.Release|x64.ActiveCfg = Release|Any CPU
		{F6C5BF43-8728-4ECF-9AB0-0FB2EA8F672E}.Release|x64.Build.0 = Release|Any CPU
		{F6C5BF43-8728-4ECF-9AB0-0FB2EA8F672E}.Release|x86.ActiveCfg = Release|Any CPU
		{F6C5BF43-8728-4ECF-9AB0-0FB2EA8F672E}.Release|x86.Build.0 = Release|Any CPU
		{BECFC0BB-DADF-4645-9BB5-2702F63C37C0}.Debug|Any CPU.ActiveCfg = Debug|Any CPU
		{BECFC0BB-DADF-4645-9BB5-2702F63C37C0}.Debug|Any CPU.Build.0 = Debug|Any CPU
		{BECFC0BB-DADF-4645-9BB5-2702F63C37C0}.Debug|x64.ActiveCfg = Debug|Any CPU
		{BECFC0BB-DADF-4645-9BB5-2702F63C37C0}.Debug|x64.Build.0 = Debug|Any CPU
		{BECFC0BB-DADF-4645-9BB5-2702F63C37C0}.Debug|x86.ActiveCfg = Debug|Any CPU
		{BECFC0BB-DADF-4645-9BB5-2702F63C37C0}.Debug|x86.Build.0 = Debug|Any CPU
		{BECFC0BB-DADF-4645-9BB5-2702F63C37C0}.Release|Any CPU.ActiveCfg = Release|Any CPU
		{BECFC0BB-DADF-4645-9BB5-2702F63C37C0}.Release|Any CPU.Build.0 = Release|Any CPU
		{BECFC0BB-DADF-4645-9BB5-2702F63C37C0}.Release|x64.ActiveCfg = Release|Any CPU
		{BECFC0BB-DADF-4645-9BB5-2702F63C37C0}.Release|x64.Build.0 = Release|Any CPU
		{BECFC0BB-DADF-4645-9BB5-2702F63C37C0}.Release|x86.ActiveCfg = Release|Any CPU
		{BECFC0BB-DADF-4645-9BB5-2702F63C37C0}.Release|x86.Build.0 = Release|Any CPU
	EndGlobalSection
	GlobalSection(SolutionProperties) = preSolution
		HideSolutionNode = FALSE
	EndGlobalSection
	GlobalSection(NestedProjects) = preSolution
		{9BE12FC0-BC24-47DB-B1BA-82B1C9549346} = {14030B52-964A-4830-9A92-7586532EEC55}
		{BECFC0BB-DADF-4645-9BB5-2702F63C37C0} = {9BE12FC0-BC24-47DB-B1BA-82B1C9549346}
	EndGlobalSection
	GlobalSection(ExtensibilityGlobals) = postSolution
		SolutionGuid = {BC3F7D39-2403-4FCD-A930-DC232B99221B}
	EndGlobalSection
EndGlobal
